{
  "name": "cloudflare-b2",
  "version": "1.0.0",
  "lockfileVersion": 2,
  "requires": true,
  "packages": {
    "": {
      "name": "cloudflare-b2",
      "version": "1.0.0",
      "license": "MIT",
      "dependencies": {
        "aws4fetch": "^1.0.17"
      },
      "devDependencies": {
        "prettier": "^2.7.1"
      }
    },
    "node_modules/aws4fetch": {
      "version": "1.0.17",
      "resolved": "https://registry.npmjs.org/aws4fetch/-/aws4fetch-1.0.17.tgz",
      "integrity": "sha512-4IbOvsxqxeOSxI4oA+8xEO8SzBMVlzbSTgGy/EF83rHnQ/aKtP6Sc6YV/k0oiW0mqrcxuThlbDosnvetGOuO+g=="
    },
    "node_modules/prettier": {
      "version": "2.7.1",
      "resolved": "https://registry.npmjs.org/prettier/-/prettier-2.7.1.tgz",
      "integrity": "sha512-ujppO+MkdPqoVINuDFDRLClm7D78qbDt0/NR+wp5FqEZOoTNAjPHWj17QRhu7geIHJfcNhRk1XVQmF8Bp3ye+g==",
      "dev": true,
      "bin": {
        "prettier": "bin-prettier.js"
      },
      "engines": {
        "node": ">=10.13.0"
      },
      "funding": {
        "url": "https://github.com/prettier/prettier?sponsor=1"
      }
    }
  },
  "dependencies": {
    "aws4fetch": {
      "version": "1.0.17",
      "resolved": "https://registry.npmjs.org/aws4fetch/-/aws4fetch-1.0.17.tgz",
      "integrity": "sha512-4IbOvsxqxeOSxI4oA+8xEO8SzBMVlzbSTgGy/EF83rHnQ/aKtP6Sc6YV/k0oiW0mqrcxuThlbDosnvetGOuO+g=="
    },
    "prettier": {
      "version": "2.7.1",
      "resolved": "https://registry.npmjs.org/prettier/-/prettier-2.7.1.tgz",
      "integrity": "sha512-ujppO+MkdPqoVINuDFDRLClm7D78qbDt0/NR+wp5FqEZOoTNAjPHWj17QRhu7geIHJfcNhRk1XVQmF8Bp3ye+g==",
      "dev": true
    }
  }
}
